
Microsoft Visual Studio Solution File, Format Version 12.00
# Visual Studio Version 17
VisualStudioVersion = 17.2.32505.173
MinimumVisualStudioVersion = 10.0.40219.1
Project("{FAE04EC0-301F-11D3-BF4B-00C04F79EFBC}") = "HotCookies", "HotCookies.csproj", "{AE2F6F51-228F-46CF-A3B0-C9E9D70C1DE5}"
EndProject
Global
	GlobalSection(SolutionConfigurationPlatforms) = preSolution
		Debug|Any CPU = Debug|Any CPU
		Release|Any CPU = Release|Any CPU
	EndGlobalSection
	GlobalSection(ProjectConfigurationPlatforms) = postSolution
		{AE2F6F51-228F-46CF-A3B0-C9E9D70C1DE5}.Debug|Any CPU.ActiveCfg = Debug|Any CPU
		{AE2F6F51-228F-46CF-A3B0-C9E9D70C1DE5}.Debug|Any CPU.Build.0 = Debug|Any CPU
		{AE2F6F51-228F-46CF-A3B0-C9E9D70C1DE5}.Release|Any CPU.ActiveCfg = Release|Any CPU
		{AE2F6F51-228F-46CF-A3B0-C9E9D70C1DE5}.Release|Any CPU.Build.0 = Release|Any CPU
	EndGlobalSection
	GlobalSection(SolutionProperties) = preSolution
		HideSolutionNode = FALSE
	EndGlobalSection
	GlobalSection(ExtensibilityGlobals) = postSolution
		SolutionGuid = {412F5218-9F2A-4C9E-BD5F-D7EE96287893}
	EndGlobalSection
EndGlobal
